
Microsoft Visual Studio Solution File, Format Version 12.00
# Visual Studio Version 16
VisualStudioVersion = 16.0.30907.101
MinimumVisualStudioVersion = 10.0.40219.1
Project("{9A19103F-16F7-4668-BE54-9A1E7A4F7556}") = "LiteBerryPiServer", "LiteBerryPiServer\LiteBerryPiServer.csproj", "{8BFFBABC-FA64-4956-869D-863C0739998C}"
EndProject
Project("{9A19103F-16F7-4668-BE54-9A1E7A4F7556}") = "LiteBerryPiAPI", "LiteBerryPiAPI\LiteBerryPiAPI.csproj", "{77FCC3CF-1B69-4DF3-8E23-319BB09E699B}"
EndProject
Project("{9A19103F-16F7-4668-BE54-9A1E7A4F7556}") = "RaspberryPi", "RaspberryPi\RaspberryPi.csproj", "{69A67179-632D-4917-ADCA-9FC0D2F25FD2}"
EndProject
Project("{9A19103F-16F7-4668-BE54-9A1E7A4F7556}") = "Tests", "Testing\MockDatabaseTest\Tests.csproj", "{6771CAF9-DAEA-427F-8607-F0F9A50D32EE}"
EndProject
Project("{2150E333-8FDC-42A3-9474-1A3956D46DE8}") = "Solution Items", "Solution Items", "{6708EE18-550B-4D29-A88F-8FDB387B6B5B}"
	ProjectSection(SolutionItems) = preProject
		README.md = README.md
	EndProjectSection
EndProject
Global
	GlobalSection(SolutionConfigurationPlatforms) = preSolution
		Debug|Any CPU = Debug|Any CPU
		Release|Any CPU = Release|Any CPU
	EndGlobalSection
	GlobalSection(ProjectConfigurationPlatforms) = postSolution
		{8BFFBABC-FA64-4956-869D-863C0739998C}.Debug|Any CPU.ActiveCfg = Debug|Any CPU
		{8BFFBABC-FA64-4956-869D-863C0739998C}.Debug|Any CPU.Build.0 = Debug|Any CPU
		{8BFFBABC-FA64-4956-869D-863C0739998C}.Release|Any CPU.ActiveCfg = Release|Any CPU
		{8BFFBABC-FA64-4956-869D-863C0739998C}.Release|Any CPU.Build.0 = Release|Any CPU
		{77FCC3CF-1B69-4DF3-8E23-319BB09E699B}.Debug|Any CPU.ActiveCfg = Debug|Any CPU
		{77FCC3CF-1B69-4DF3-8E23-319BB09E699B}.Debug|Any CPU.Build.0 = Debug|Any CPU
		{77FCC3CF-1B69-4DF3-8E23-319BB09E699B}.Release|Any CPU.ActiveCfg = Release|Any CPU
		{77FCC3CF-1B69-4DF3-8E23-319BB09E699B}.Release|Any CPU.Build.0 = Release|Any CPU
		{69A67179-632D-4917-ADCA-9FC0D2F25FD2}.Debug|Any CPU.ActiveCfg = Debug|Any CPU
		{69A67179-632D-4917-ADCA-9FC0D2F25FD2}.Debug|Any CPU.Build.0 = Debug|Any CPU
		{69A67179-632D-4917-ADCA-9FC0D2F25FD2}.Release|Any CPU.ActiveCfg = Release|Any CPU
		{69A67179-632D-4917-ADCA-9FC0D2F25FD2}.Release|Any CPU.Build.0 = Release|Any CPU
		{6771CAF9-DAEA-427F-8607-F0F9A50D32EE}.Debug|Any CPU.ActiveCfg = Debug|Any CPU
		{6771CAF9-DAEA-427F-8607-F0F9A50D32EE}.Debug|Any CPU.Build.0 = Debug|Any CPU
		{6771CAF9-DAEA-427F-8607-F0F9A50D32EE}.Release|Any CPU.ActiveCfg = Release|Any CPU
		{6771CAF9-DAEA-427F-8607-F0F9A50D32EE}.Release|Any CPU.Build.0 = Release|Any CPU
	EndGlobalSection
	GlobalSection(SolutionProperties) = preSolution
		HideSolutionNode = FALSE
	EndGlobalSection
	GlobalSection(ExtensibilityGlobals) = postSolution
		SolutionGuid = {64D076E9-5A81-4719-9700-807B0A795D75}
	EndGlobalSection
EndGlobal
