
Microsoft Visual Studio Solution File, Format Version 12.00
# Visual Studio Version 16
VisualStudioVersion = 16.0.30907.101
MinimumVisualStudioVersion = 10.0.40219.1
Project("{9A19103F-16F7-4668-BE54-9A1E7A4F7556}") = "Lite-Berry-Pi", "Lite-Berry-Pi\Lite-Berry-Pi.csproj", "{5FD5D65F-BE05-48CC-A95E-A429715B1164}"
EndProject
Project("{9A19103F-16F7-4668-BE54-9A1E7A4F7556}") = "RaspberryPi", "..\LiteBerryPi\RaspberryPi.csproj", "{6382BE95-C180-484E-9B0A-844572B55928}"
EndProject
Global
	GlobalSection(SolutionConfigurationPlatforms) = preSolution
		Debug|Any CPU = Debug|Any CPU
		Release|Any CPU = Release|Any CPU
	EndGlobalSection
	GlobalSection(ProjectConfigurationPlatforms) = postSolution
		{5FD5D65F-BE05-48CC-A95E-A429715B1164}.Debug|Any CPU.ActiveCfg = Debug|Any CPU
		{5FD5D65F-BE05-48CC-A95E-A429715B1164}.Debug|Any CPU.Build.0 = Debug|Any CPU
		{5FD5D65F-BE05-48CC-A95E-A429715B1164}.Release|Any CPU.ActiveCfg = Release|Any CPU
		{5FD5D65F-BE05-48CC-A95E-A429715B1164}.Release|Any CPU.Build.0 = Release|Any CPU
		{6382BE95-C180-484E-9B0A-844572B55928}.Debug|Any CPU.ActiveCfg = Debug|Any CPU
		{6382BE95-C180-484E-9B0A-844572B55928}.Debug|Any CPU.Build.0 = Debug|Any CPU
		{6382BE95-C180-484E-9B0A-844572B55928}.Release|Any CPU.ActiveCfg = Release|Any CPU
		{6382BE95-C180-484E-9B0A-844572B55928}.Release|Any CPU.Build.0 = Release|Any CPU
	EndGlobalSection
	GlobalSection(SolutionProperties) = preSolution
		HideSolutionNode = FALSE
	EndGlobalSection
	GlobalSection(ExtensibilityGlobals) = postSolution
		SolutionGuid = {64D076E9-5A81-4719-9700-807B0A795D75}
	EndGlobalSection
EndGlobal
